
Microsoft Visual Studio Solution File, Format Version 12.00
# Visual Studio Version 17
VisualStudioVersion = 17.8.34309.116
MinimumVisualStudioVersion = 10.0.40219.1
Project("{FAE04EC0-301F-11D3-BF4B-00C04F79EFBC}") = "BoutiquePresentsWorkshop", "BoutiquePresentsWorkshop.csproj", "{185E37CD-229B-41FF-8080-BB7FD5F0F76C}"
EndProject
Project("{FAE04EC0-301F-11D3-BF4B-00C04F79EFBC}") = "BPW.Data", "..\BPW.Data\BPW.Data.csproj", "{C0165FCE-FF93-4C2F-9E2F-4BC9D68ADC10}"
EndProject
Global
	GlobalSection(SolutionConfigurationPlatforms) = preSolution
		Debug|Any CPU = Debug|Any CPU
		Release|Any CPU = Release|Any CPU
	EndGlobalSection
	GlobalSection(ProjectConfigurationPlatforms) = postSolution
		{185E37CD-229B-41FF-8080-BB7FD5F0F76C}.Debug|Any CPU.ActiveCfg = Debug|Any CPU
		{185E37CD-229B-41FF-8080-BB7FD5F0F76C}.Debug|Any CPU.Build.0 = Debug|Any CPU
		{185E37CD-229B-41FF-8080-BB7FD5F0F76C}.Release|Any CPU.ActiveCfg = Release|Any CPU
		{185E37CD-229B-41FF-8080-BB7FD5F0F76C}.Release|Any CPU.Build.0 = Release|Any CPU
		{C0165FCE-FF93-4C2F-9E2F-4BC9D68ADC10}.Debug|Any CPU.ActiveCfg = Debug|Any CPU
		{C0165FCE-FF93-4C2F-9E2F-4BC9D68ADC10}.Debug|Any CPU.Build.0 = Debug|Any CPU
		{C0165FCE-FF93-4C2F-9E2F-4BC9D68ADC10}.Release|Any CPU.ActiveCfg = Release|Any CPU
		{C0165FCE-FF93-4C2F-9E2F-4BC9D68ADC10}.Release|Any CPU.Build.0 = Release|Any CPU
	EndGlobalSection
	GlobalSection(SolutionProperties) = preSolution
		HideSolutionNode = FALSE
	EndGlobalSection
	GlobalSection(ExtensibilityGlobals) = postSolution
		SolutionGuid = {6499E9BC-83B2-4DD2-B546-D5EC400C84C3}
	EndGlobalSection
EndGlobal
