
Microsoft Visual Studio Solution File, Format Version 12.00
# Visual Studio Version 17
VisualStudioVersion = 17.8.34309.116
MinimumVisualStudioVersion = 10.0.40219.1
Project("{FAE04EC0-301F-11D3-BF4B-00C04F79EFBC}") = "BoutiquePresentsWorkshop", "BoutiquePresentsWorkshop.csproj", "{0A1A3BB4-DA08-4E65-9C97-C4738D782B1B}"
EndProject
Project("{FAE04EC0-301F-11D3-BF4B-00C04F79EFBC}") = "BPW.Data", "..\BPW.Data\BPW.Data.csproj", "{2DFF0C4E-F2AA-4C9C-AFBD-119A6E4B93F3}"
EndProject
Global
	GlobalSection(SolutionConfigurationPlatforms) = preSolution
		Debug|Any CPU = Debug|Any CPU
		Release|Any CPU = Release|Any CPU
	EndGlobalSection
	GlobalSection(ProjectConfigurationPlatforms) = postSolution
		{0A1A3BB4-DA08-4E65-9C97-C4738D782B1B}.Debug|Any CPU.ActiveCfg = Debug|Any CPU
		{0A1A3BB4-DA08-4E65-9C97-C4738D782B1B}.Debug|Any CPU.Build.0 = Debug|Any CPU
		{0A1A3BB4-DA08-4E65-9C97-C4738D782B1B}.Release|Any CPU.ActiveCfg = Release|Any CPU
		{0A1A3BB4-DA08-4E65-9C97-C4738D782B1B}.Release|Any CPU.Build.0 = Release|Any CPU
		{2DFF0C4E-F2AA-4C9C-AFBD-119A6E4B93F3}.Debug|Any CPU.ActiveCfg = Debug|Any CPU
		{2DFF0C4E-F2AA-4C9C-AFBD-119A6E4B93F3}.Debug|Any CPU.Build.0 = Debug|Any CPU
		{2DFF0C4E-F2AA-4C9C-AFBD-119A6E4B93F3}.Release|Any CPU.ActiveCfg = Release|Any CPU
		{2DFF0C4E-F2AA-4C9C-AFBD-119A6E4B93F3}.Release|Any CPU.Build.0 = Release|Any CPU
	EndGlobalSection
	GlobalSection(SolutionProperties) = preSolution
		HideSolutionNode = FALSE
	EndGlobalSection
	GlobalSection(ExtensibilityGlobals) = postSolution
		SolutionGuid = {BFF2E20F-4301-4E59-AF63-5D89C7BB17C7}
	EndGlobalSection
EndGlobal
